
Microsoft Visual Studio Solution File, Format Version 12.00
# Visual Studio Version 17
VisualStudioVersion = 17.9.34728.123
MinimumVisualStudioVersion = 10.0.40219.1
Project("{FAE04EC0-301F-11D3-BF4B-00C04F79EFBC}") = "GUI_82CD", "IS2026_Service_82CD_\GUI_82CD.csproj", "{423C518D-DDDD-42B6-B840-4682C4660D39}"
EndProject
Project("{FAE04EC0-301F-11D3-BF4B-00C04F79EFBC}") = "DAL_82CD", "DAL\DAL_82CD.csproj", "{895D86DF-FCAE-4B96-9E0F-3BDFA100D62A}"
EndProject
Project("{FAE04EC0-301F-11D3-BF4B-00C04F79EFBC}") = "BLL_82CD", "BLL\BLL_82CD.csproj", "{94D9CB2A-A3DA-4843-B5E7-EB28F3405152}"
EndProject
Project("{FAE04EC0-301F-11D3-BF4B-00C04F79EFBC}") = "BE_82CD", "BE\BE_82CD.csproj", "{EA310EAD-2763-4030-9182-A5562CBA9584}"
EndProject
Project("{FAE04EC0-301F-11D3-BF4B-00C04F79EFBC}") = "Servicio_82CD", "Servicio\Servicio_82CD.csproj", "{C829F489-7563-49B6-8E6F-51416B9F8E0D}"
EndProject
Global
	GlobalSection(SolutionConfigurationPlatforms) = preSolution
		Debug|Any CPU = Debug|Any CPU
		Release|Any CPU = Release|Any CPU
	EndGlobalSection
	GlobalSection(ProjectConfigurationPlatforms) = postSolution
		{423C518D-DDDD-42B6-B840-4682C4660D39}.Debug|Any CPU.ActiveCfg = Debug|Any CPU
		{423C518D-DDDD-42B6-B840-4682C4660D39}.Debug|Any CPU.Build.0 = Debug|Any CPU
		{423C518D-DDDD-42B6-B840-4682C4660D39}.Release|Any CPU.ActiveCfg = Release|Any CPU
		{423C518D-DDDD-42B6-B840-4682C4660D39}.Release|Any CPU.Build.0 = Release|Any CPU
		{895D86DF-FCAE-4B96-9E0F-3BDFA100D62A}.Debug|Any CPU.ActiveCfg = Debug|Any CPU
		{895D86DF-FCAE-4B96-9E0F-3BDFA100D62A}.Debug|Any CPU.Build.0 = Debug|Any CPU
		{895D86DF-FCAE-4B96-9E0F-3BDFA100D62A}.Release|Any CPU.ActiveCfg = Release|Any CPU
		{895D86DF-FCAE-4B96-9E0F-3BDFA100D62A}.Release|Any CPU.Build.0 = Release|Any CPU
		{94D9CB2A-A3DA-4843-B5E7-EB28F3405152}.Debug|Any CPU.ActiveCfg = Debug|Any CPU
		{94D9CB2A-A3DA-4843-B5E7-EB28F3405152}.Debug|Any CPU.Build.0 = Debug|Any CPU
		{94D9CB2A-A3DA-4843-B5E7-EB28F3405152}.Release|Any CPU.ActiveCfg = Release|Any CPU
		{94D9CB2A-A3DA-4843-B5E7-EB28F3405152}.Release|Any CPU.Build.0 = Release|Any CPU
		{EA310EAD-2763-4030-9182-A5562CBA9584}.Debug|Any CPU.ActiveCfg = Debug|Any CPU
		{EA310EAD-2763-4030-9182-A5562CBA9584}.Debug|Any CPU.Build.0 = Debug|Any CPU
		{EA310EAD-2763-4030-9182-A5562CBA9584}.Release|Any CPU.ActiveCfg = Release|Any CPU
		{EA310EAD-2763-4030-9182-A5562CBA9584}.Release|Any CPU.Build.0 = Release|Any CPU
		{C829F489-7563-49B6-8E6F-51416B9F8E0D}.Debug|Any CPU.ActiveCfg = Debug|Any CPU
		{C829F489-7563-49B6-8E6F-51416B9F8E0D}.Debug|Any CPU.Build.0 = Debug|Any CPU
		{C829F489-7563-49B6-8E6F-51416B9F8E0D}.Release|Any CPU.ActiveCfg = Release|Any CPU
		{C829F489-7563-49B6-8E6F-51416B9F8E0D}.Release|Any CPU.Build.0 = Release|Any CPU
	EndGlobalSection
	GlobalSection(SolutionProperties) = preSolution
		HideSolutionNode = FALSE
	EndGlobalSection
	GlobalSection(ExtensibilityGlobals) = postSolution
		SolutionGuid = {71A987F6-3F28-4519-BA98-5017F1C71071}
	EndGlobalSection
EndGlobal
